
Microsoft Visual Studio Solution File, Format Version 12.00
# Visual Studio Version 17
VisualStudioVersion = 17.5.33516.290
MinimumVisualStudioVersion = 10.0.40219.1
Project("{FAE04EC0-301F-11D3-BF4B-00C04F79EFBC}") = "S6fpenafiel_webservice.Android", "S6fpenafiel_webservice\S6fpenafiel_webservice.Android\S6fpenafiel_webservice.Android.csproj", "{818A5394-71A5-4DA9-9A5C-2A6E205F1CFE}"
EndProject
Project("{FAE04EC0-301F-11D3-BF4B-00C04F79EFBC}") = "S6fpenafiel_webservice.iOS", "S6fpenafiel_webservice\S6fpenafiel_webservice.iOS\S6fpenafiel_webservice.iOS.csproj", "{94B0DEF7-CF3D-441B-B7BD-801E4C99DF2A}"
EndProject
Project("{FAE04EC0-301F-11D3-BF4B-00C04F79EFBC}") = "S6fpenafiel_webservice", "S6fpenafiel_webservice\S6fpenafiel_webservice\S6fpenafiel_webservice.csproj", "{DE5A19E2-2B62-4B78-BA52-99C6FAB0289C}"
EndProject
Global
	GlobalSection(SolutionConfigurationPlatforms) = preSolution
		Debug|Any CPU = Debug|Any CPU
		Debug|iPhone = Debug|iPhone
		Debug|iPhoneSimulator = Debug|iPhoneSimulator
		Release|Any CPU = Release|Any CPU
		Release|iPhone = Release|iPhone
		Release|iPhoneSimulator = Release|iPhoneSimulator
	EndGlobalSection
	GlobalSection(ProjectConfigurationPlatforms) = postSolution
		{818A5394-71A5-4DA9-9A5C-2A6E205F1CFE}.Debug|Any CPU.ActiveCfg = Debug|Any CPU
		{818A5394-71A5-4DA9-9A5C-2A6E205F1CFE}.Debug|Any CPU.Build.0 = Debug|Any CPU
		{818A5394-71A5-4DA9-9A5C-2A6E205F1CFE}.Debug|Any CPU.Deploy.0 = Debug|Any CPU
		{818A5394-71A5-4DA9-9A5C-2A6E205F1CFE}.Debug|iPhone.ActiveCfg = Debug|Any CPU
		{818A5394-71A5-4DA9-9A5C-2A6E205F1CFE}.Debug|iPhone.Build.0 = Debug|Any CPU
		{818A5394-71A5-4DA9-9A5C-2A6E205F1CFE}.Debug|iPhone.Deploy.0 = Debug|Any CPU
		{818A5394-71A5-4DA9-9A5C-2A6E205F1CFE}.Debug|iPhoneSimulator.ActiveCfg = Debug|Any CPU
		{818A5394-71A5-4DA9-9A5C-2A6E205F1CFE}.Debug|iPhoneSimulator.Build.0 = Debug|Any CPU
		{818A5394-71A5-4DA9-9A5C-2A6E205F1CFE}.Debug|iPhoneSimulator.Deploy.0 = Debug|Any CPU
		{818A5394-71A5-4DA9-9A5C-2A6E205F1CFE}.Release|Any CPU.ActiveCfg = Release|Any CPU
		{818A5394-71A5-4DA9-9A5C-2A6E205F1CFE}.Release|Any CPU.Build.0 = Release|Any CPU
		{818A5394-71A5-4DA9-9A5C-2A6E205F1CFE}.Release|Any CPU.Deploy.0 = Release|Any CPU
		{818A5394-71A5-4DA9-9A5C-2A6E205F1CFE}.Release|iPhone.ActiveCfg = Release|Any CPU
		{818A5394-71A5-4DA9-9A5C-2A6E205F1CFE}.Release|iPhone.Build.0 = Release|Any CPU
		{818A5394-71A5-4DA9-9A5C-2A6E205F1CFE}.Release|iPhone.Deploy.0 = Release|Any CPU
		{818A5394-71A5-4DA9-9A5C-2A6E205F1CFE}.Release|iPhoneSimulator.ActiveCfg = Release|Any CPU
		{818A5394-71A5-4DA9-9A5C-2A6E205F1CFE}.Release|iPhoneSimulator.Build.0 = Release|Any CPU
		{818A5394-71A5-4DA9-9A5C-2A6E205F1CFE}.Release|iPhoneSimulator.Deploy.0 = Release|Any CPU
		{94B0DEF7-CF3D-441B-B7BD-801E4C99DF2A}.Debug|Any CPU.ActiveCfg = Debug|iPhone
		{94B0DEF7-CF3D-441B-B7BD-801E4C99DF2A}.Debug|Any CPU.Build.0 = Debug|iPhone
		{94B0DEF7-CF3D-441B-B7BD-801E4C99DF2A}.Debug|Any CPU.Deploy.0 = Debug|iPhone
		{94B0DEF7-CF3D-441B-B7BD-801E4C99DF2A}.Debug|iPhone.ActiveCfg = Debug|iPhone
		{94B0DEF7-CF3D-441B-B7BD-801E4C99DF2A}.Debug|iPhone.Build.0 = Debug|iPhone
		{94B0DEF7-CF3D-441B-B7BD-801E4C99DF2A}.Debug|iPhone.Deploy.0 = Debug|iPhone
		{94B0DEF7-CF3D-441B-B7BD-801E4C99DF2A}.Debug|iPhoneSimulator.ActiveCfg = Debug|iPhoneSimulator
		{94B0DEF7-CF3D-441B-B7BD-801E4C99DF2A}.Debug|iPhoneSimulator.Build.0 = Debug|iPhoneSimulator
		{94B0DEF7-CF3D-441B-B7BD-801E4C99DF2A}.Debug|iPhoneSimulator.Deploy.0 = Debug|iPhoneSimulator
		{94B0DEF7-CF3D-441B-B7BD-801E4C99DF2A}.Release|Any CPU.ActiveCfg = Release|iPhoneSimulator
		{94B0DEF7-CF3D-441B-B7BD-801E4C99DF2A}.Release|Any CPU.Build.0 = Release|iPhoneSimulator
		{94B0DEF7-CF3D-441B-B7BD-801E4C99DF2A}.Release|Any CPU.Deploy.0 = Release|iPhoneSimulator
		{94B0DEF7-CF3D-441B-B7BD-801E4C99DF2A}.Release|iPhone.ActiveCfg = Release|iPhone
		{94B0DEF7-CF3D-441B-B7BD-801E4C99DF2A}.Release|iPhone.Build.0 = Release|iPhone
		{94B0DEF7-CF3D-441B-B7BD-801E4C99DF2A}.Release|iPhone.Deploy.0 = Release|iPhone
		{94B0DEF7-CF3D-441B-B7BD-801E4C99DF2A}.Release|iPhoneSimulator.ActiveCfg = Release|iPhoneSimulator
		{94B0DEF7-CF3D-441B-B7BD-801E4C99DF2A}.Release|iPhoneSimulator.Build.0 = Release|iPhoneSimulator
		{94B0DEF7-CF3D-441B-B7BD-801E4C99DF2A}.Release|iPhoneSimulator.Deploy.0 = Release|iPhoneSimulator
		{DE5A19E2-2B62-4B78-BA52-99C6FAB0289C}.Debug|Any CPU.ActiveCfg = Debug|Any CPU
		{DE5A19E2-2B62-4B78-BA52-99C6FAB0289C}.Debug|Any CPU.Build.0 = Debug|Any CPU
		{DE5A19E2-2B62-4B78-BA52-99C6FAB0289C}.Debug|Any CPU.Deploy.0 = Debug|Any CPU
		{DE5A19E2-2B62-4B78-BA52-99C6FAB0289C}.Debug|iPhone.ActiveCfg = Debug|Any CPU
		{DE5A19E2-2B62-4B78-BA52-99C6FAB0289C}.Debug|iPhone.Build.0 = Debug|Any CPU
		{DE5A19E2-2B62-4B78-BA52-99C6FAB0289C}.Debug|iPhone.Deploy.0 = Debug|Any CPU
		{DE5A19E2-2B62-4B78-BA52-99C6FAB0289C}.Debug|iPhoneSimulator.ActiveCfg = Debug|Any CPU
		{DE5A19E2-2B62-4B78-BA52-99C6FAB0289C}.Debug|iPhoneSimulator.Build.0 = Debug|Any CPU
		{DE5A19E2-2B62-4B78-BA52-99C6FAB0289C}.Debug|iPhoneSimulator.Deploy.0 = Debug|Any CPU
		{DE5A19E2-2B62-4B78-BA52-99C6FAB0289C}.Release|Any CPU.ActiveCfg = Release|Any CPU
		{DE5A19E2-2B62-4B78-BA52-99C6FAB0289C}.Release|Any CPU.Build.0 = Release|Any CPU
		{DE5A19E2-2B62-4B78-BA52-99C6FAB0289C}.Release|Any CPU.Deploy.0 = Release|Any CPU
		{DE5A19E2-2B62-4B78-BA52-99C6FAB0289C}.Release|iPhone.ActiveCfg = Release|Any CPU
		{DE5A19E2-2B62-4B78-BA52-99C6FAB0289C}.Release|iPhone.Build.0 = Release|Any CPU
		{DE5A19E2-2B62-4B78-BA52-99C6FAB0289C}.Release|iPhone.Deploy.0 = Release|Any CPU
		{DE5A19E2-2B62-4B78-BA52-99C6FAB0289C}.Release|iPhoneSimulator.ActiveCfg = Release|Any CPU
		{DE5A19E2-2B62-4B78-BA52-99C6FAB0289C}.Release|iPhoneSimulator.Build.0 = Release|Any CPU
		{DE5A19E2-2B62-4B78-BA52-99C6FAB0289C}.Release|iPhoneSimulator.Deploy.0 = Release|Any CPU
	EndGlobalSection
	GlobalSection(SolutionProperties) = preSolution
		HideSolutionNode = FALSE
	EndGlobalSection
	GlobalSection(ExtensibilityGlobals) = postSolution
		SolutionGuid = {0EC88897-073C-404F-9435-AFA4E86B4D4B}
	EndGlobalSection
EndGlobal
